// !$*UTF8*$!
{
	archiveVersion = 1;
	classes = {
	};
	objectVersion = 56;
	objects = {

/* Begin PBXBuildFile section */
		F6395CD02A5BB99E00228EA9 /* MOWTOLEDApp.swift in Sources */ = {isa = PBXBuildFile; fileRef = F6395CCF2A5BB99E00228EA9 /* MOWTOLEDApp.swift */; };
		F6395CD22A5BB99E00228EA9 /* MainView.swift in Sources */ = {isa = PBXBuildFile; fileRef = F6395CD12A5BB99E00228EA9 /* MainView.swift */; };
		F6395CD42A5BB9A000228EA9 /* Assets.xcassets in Resources */ = {isa = PBXBuildFile; fileRef = F6395CD32A5BB9A000228EA9 /* Assets.xcassets */; };
		F6395CD72A5BB9A000228EA9 /* Preview Assets.xcassets in Resources */ = {isa = PBXBuildFile; fileRef = F6395CD62A5BB9A000228EA9 /* Preview Assets.xcassets */; };
		F6395CE32A5D1D6400228EA9 /* LodingView.swift in Sources */ = {isa = PBXBuildFile; fileRef = F6395CE22A5D1D6400228EA9 /* LodingView.swift */; };
		F6395CE52A5D1F8400228EA9 /* CastomNavTitle.swift in Sources */ = {isa = PBXBuildFile; fileRef = F6395CE42A5D1F8400228EA9 /* CastomNavTitle.swift */; };
		F67F3EB02A5E61A1004A5829 /* APIManager.swift in Sources */ = {isa = PBXBuildFile; fileRef = F67F3EAF2A5E61A1004A5829 /* APIManager.swift */; };
		F67F3EB22A5E644F004A5829 /* TiketData.swift in Sources */ = {isa = PBXBuildFile; fileRef = F67F3EB12A5E644F004A5829 /* TiketData.swift */; };
		F67F3EBC2A5EDD4D004A5829 /* DetailView.swift in Sources */ = {isa = PBXBuildFile; fileRef = F67F3EBB2A5EDD4D004A5829 /* DetailView.swift */; };
/* End PBXBuildFile section */

/* Begin PBXFileReference section */
		F6395CCC2A5BB99E00228EA9 /* MOWTOLED.app */ = {isa = PBXFileReference; explicitFileType = wrapper.application; includeInIndex = 0; path = MOWTOLED.app; sourceTree = BUILT_PRODUCTS_DIR; };
		F6395CCF2A5BB99E00228EA9 /* MOWTOLEDApp.swift */ = {isa = PBXFileReference; lastKnownFileType = sourcecode.swift; path = MOWTOLEDApp.swift; sourceTree = "<group>"; };
		F6395CD12A5BB99E00228EA9 /* MainView.swift */ = {isa = PBXFileReference; lastKnownFileType = sourcecode.swift; path = MainView.swift; sourceTree = "<group>"; };
		F6395CD32A5BB9A000228EA9 /* Assets.xcassets */ = {isa = PBXFileReference; lastKnownFileType = folder.assetcatalog; path = Assets.xcassets; sourceTree = "<group>"; };
		F6395CD62A5BB9A000228EA9 /* Preview Assets.xcassets */ = {isa = PBXFileReference; lastKnownFileType = folder.assetcatalog; path = "Preview Assets.xcassets"; sourceTree = "<group>"; };
		F6395CE22A5D1D6400228EA9 /* LodingView.swift */ = {isa = PBXFileReference; lastKnownFileType = sourcecode.swift; path = LodingView.swift; sourceTree = "<group>"; };
		F6395CE42A5D1F8400228EA9 /* CastomNavTitle.swift */ = {isa = PBXFileReference; lastKnownFileType = sourcecode.swift; path = CastomNavTitle.swift; sourceTree = "<group>"; };
		F67F3EAF2A5E61A1004A5829 /* APIManager.swift */ = {isa = PBXFileReference; lastKnownFileType = sourcecode.swift; path = APIManager.swift; sourceTree = "<group>"; };
		F67F3EB12A5E644F004A5829 /* TiketData.swift */ = {isa = PBXFileReference; lastKnownFileType = sourcecode.swift; path = TiketData.swift; sourceTree = "<group>"; };
		F67F3EBB2A5EDD4D004A5829 /* DetailView.swift */ = {isa = PBXFileReference; lastKnownFileType = sourcecode.swift; path = DetailView.swift; sourceTree = "<group>"; };
/* End PBXFileReference section */

/* Begin PBXFrameworksBuildPhase section */
		F6395CC92A5BB99E00228EA9 /* Frameworks */ = {
			isa = PBXFrameworksBuildPhase;
			buildActionMask = 2147483647;
			files = (
			);
			runOnlyForDeploymentPostprocessing = 0;
		};
/* End PBXFrameworksBuildPhase section */

/* Begin PBXGroup section */
		F6395CC32A5BB99E00228EA9 = {
			isa = PBXGroup;
			children = (
				F6395CCE2A5BB99E00228EA9 /* MOWTOLED */,
				F6395CCD2A5BB99E00228EA9 /* Products */,
			);
			sourceTree = "<group>";
		};
		F6395CCD2A5BB99E00228EA9 /* Products */ = {
			isa = PBXGroup;
			children = (
				F6395CCC2A5BB99E00228EA9 /* MOWTOLED.app */,
			);
			name = Products;
			sourceTree = "<group>";
		};
		F6395CCE2A5BB99E00228EA9 /* MOWTOLED */ = {
			isa = PBXGroup;
			children = (
				F6395CE12A5D1D3B00228EA9 /* CastomView */,
				F6395CE02A5D1CF900228EA9 /* View */,
				F6395CDF2A5D1CE700228EA9 /* ViewModel */,
				F6395CDE2A5D1CDB00228EA9 /* Model */,
				F6395CDD2A5BC96300228EA9 /* networkLayer */,
				F6395CD32A5BB9A000228EA9 /* Assets.xcassets */,
				F6395CD52A5BB9A000228EA9 /* Preview Content */,
			);
			path = MOWTOLED;
			sourceTree = "<group>";
		};
		F6395CD52A5BB9A000228EA9 /* Preview Content */ = {
			isa = PBXGroup;
			children = (
				F6395CD62A5BB9A000228EA9 /* Preview Assets.xcassets */,
				F6395CCF2A5BB99E00228EA9 /* MOWTOLEDApp.swift */,
			);
			path = "Preview Content";
			sourceTree = "<group>";
		};
		F6395CDD2A5BC96300228EA9 /* networkLayer */ = {
			isa = PBXGroup;
			children = (
				F67F3EAF2A5E61A1004A5829 /* APIManager.swift */,
				F67F3EB12A5E644F004A5829 /* TiketData.swift */,
			);
			path = networkLayer;
			sourceTree = "<group>";
		};
		F6395CDE2A5D1CDB00228EA9 /* Model */ = {
			isa = PBXGroup;
			children = (
			);
			path = Model;
			sourceTree = "<group>";
		};
		F6395CDF2A5D1CE700228EA9 /* ViewModel */ = {
			isa = PBXGroup;
			children = (
			);
			path = ViewModel;
			sourceTree = "<group>";
		};
		F6395CE02A5D1CF900228EA9 /* View */ = {
			isa = PBXGroup;
			children = (
				F6395CD12A5BB99E00228EA9 /* MainView.swift */,
				F67F3EBB2A5EDD4D004A5829 /* DetailView.swift */,
			);
			path = View;
			sourceTree = "<group>";
		};
		F6395CE12A5D1D3B00228EA9 /* CastomView */ = {
			isa = PBXGroup;
			children = (
				F6395CE22A5D1D6400228EA9 /* LodingView.swift */,
				F6395CE42A5D1F8400228EA9 /* CastomNavTitle.swift */,
			);
			path = CastomView;
			sourceTree = "<group>";
		};
/* End PBXGroup section */

/* Begin PBXNativeTarget section */
		F6395CCB2A5BB99E00228EA9 /* MOWTOLED */ = {
			isa = PBXNativeTarget;
			buildConfigurationList = F6395CDA2A5BB9A000228EA9 /* Build configuration list for PBXNativeTarget "MOWTOLED" */;
			buildPhases = (
				F6395CC82A5BB99E00228EA9 /* Sources */,
				F6395CC92A5BB99E00228EA9 /* Frameworks */,
				F6395CCA2A5BB99E00228EA9 /* Resources */,
			);
			buildRules = (
			);
			dependencies = (
			);
			name = MOWTOLED;
			productName = MOWTOLED;
			productReference = F6395CCC2A5BB99E00228EA9 /* MOWTOLED.app */;
			productType = "com.apple.product-type.application";
		};
/* End PBXNativeTarget section */

/* Begin PBXProject section */
		F6395CC42A5BB99E00228EA9 /* Project object */ = {
			isa = PBXProject;
			attributes = {
				BuildIndependentTargetsInParallel = 1;
				LastSwiftUpdateCheck = 1420;
				LastUpgradeCheck = 1420;
				TargetAttributes = {
					F6395CCB2A5BB99E00228EA9 = {
						CreatedOnToolsVersion = 14.2;
					};
				};
			};
			buildConfigurationList = F6395CC72A5BB99E00228EA9 /* Build configuration list for PBXProject "MOWTOLED" */;
			compatibilityVersion = "Xcode 14.0";
			developmentRegion = en;
			hasScannedForEncodings = 0;
			knownRegions = (
				en,
				Base,
			);
			mainGroup = F6395CC32A5BB99E00228EA9;
			productRefGroup = F6395CCD2A5BB99E00228EA9 /* Products */;
			projectDirPath = "";
			projectRoot = "";
			targets = (
				F6395CCB2A5BB99E00228EA9 /* MOWTOLED */,
			);
		};
/* End PBXProject section */

/* Begin PBXResourcesBuildPhase section */
		F6395CCA2A5BB99E00228EA9 /* Resources */ = {
			isa = PBXResourcesBuildPhase;
			buildActionMask = 2147483647;
			files = (
				F6395CD72A5BB9A000228EA9 /* Preview Assets.xcassets in Resources */,
				F6395CD42A5BB9A000228EA9 /* Assets.xcassets in Resources */,
			);
			runOnlyForDeploymentPostprocessing = 0;
		};
/* End PBXResourcesBuildPhase section */

/* Begin PBXSourcesBuildPhase section */
		F6395CC82A5BB99E00228EA9 /* Sources */ = {
			isa = PBXSourcesBuildPhase;
			buildActionMask = 2147483647;
			files = (
				F67F3EB02A5E61A1004A5829 /* APIManager.swift in Sources */,
				F6395CD22A5BB99E00228EA9 /* MainView.swift in Sources */,
				F6395CE52A5D1F8400228EA9 /* CastomNavTitle.swift in Sources */,
				F67F3EBC2A5EDD4D004A5829 /* DetailView.swift in Sources */,
				F6395CE32A5D1D6400228EA9 /* LodingView.swift in Sources */,
				F6395CD02A5BB99E00228EA9 /* MOWTOLEDApp.swift in Sources */,
				F67F3EB22A5E644F004A5829 /* TiketData.swift in Sources */,
			);
			runOnlyForDeploymentPostprocessing = 0;
		};
/* End PBXSourcesBuildPhase section */

/* Begin XCBuildConfiguration section */
		F6395CD82A5BB9A000228EA9 /* Debug */ = {
			isa = XCBuildConfiguration;
			buildSettings = {
				ALWAYS_SEARCH_USER_PATHS = NO;
				CLANG_ANALYZER_NONNULL = YES;
				CLANG_ANALYZER_NUMBER_OBJECT_CONVERSION = YES_AGGRESSIVE;
				CLANG_CXX_LANGUAGE_STANDARD = "gnu++20";
				CLANG_ENABLE_MODULES = YES;
				CLANG_ENABLE_OBJC_ARC = YES;
				CLANG_ENABLE_OBJC_WEAK = YES;
				CLANG_WARN_BLOCK_CAPTURE_AUTORELEASING = YES;
				CLANG_WARN_BOOL_CONVERSION = YES;
				CLANG_WARN_COMMA = YES;
				CLANG_WARN_CONSTANT_CONVERSION = YES;
				CLANG_WARN_DEPRECATED_OBJC_IMPLEMENTATIONS = YES;
				CLANG_WARN_DIRECT_OBJC_ISA_USAGE = YES_ERROR;
				CLANG_WARN_DOCUMENTATION_COMMENTS = YES;
				CLANG_WARN_EMPTY_BODY = YES;
				CLANG_WARN_ENUM_CONVERSION = YES;
				CLANG_WARN_INFINITE_RECURSION = YES;
				CLANG_WARN_INT_CONVERSION = YES;
				CLANG_WARN_NON_LITERAL_NULL_CONVERSION = YES;
				CLANG_WARN_OBJC_IMPLICIT_RETAIN_SELF = YES;
				CLANG_WARN_OBJC_LITERAL_CONVERSION = YES;
				CLANG_WARN_OBJC_ROOT_CLASS = YES_ERROR;
				CLANG_WARN_QUOTED_INCLUDE_IN_FRAMEWORK_HEADER = YES;
				CLANG_WARN_RANGE_LOOP_ANALYSIS = YES;
				CLANG_WARN_STRICT_PROTOTYPES = YES;
				CLANG_WARN_SUSPICIOUS_MOVE = YES;
				CLANG_WARN_UNGUARDED_AVAILABILITY = YES_AGGRESSIVE;
				CLANG_WARN_UNREACHABLE_CODE = YES;
				CLANG_WARN__DUPLICATE_METHOD_MATCH = YES;
				COPY_PHASE_STRIP = NO;
				DEBUG_INFORMATION_FORMAT = dwarf;
				ENABLE_STRICT_OBJC_MSGSEND = YES;
				ENABLE_TESTABILITY = YES;
				GCC_C_LANGUAGE_STANDARD = gnu11;
				GCC_DYNAMIC_NO_PIC = NO;
				GCC_NO_COMMON_BLOCKS = YES;
				GCC_OPTIMIZATION_LEVEL = 0;
				GCC_PREPROCESSOR_DEFINITIONS = (
					"DEBUG=1",
					"$(inherited)",
				);
				GCC_WARN_64_TO_32_BIT_CONVERSION = YES;
				GCC_WARN_ABOUT_RETURN_TYPE = YES_ERROR;
				GCC_WARN_UNDECLARED_SELECTOR = YES;
				GCC_WARN_UNINITIALIZED_AUTOS = YES_AGGRESSIVE;
				GCC_WARN_UNUSED_FUNCTION = YES;
				GCC_WARN_UNUSED_VARIABLE = YES;
				IPHONEOS_DEPLOYMENT_TARGET = 16.2;
				MTL_ENABLE_DEBUG_INFO = INCLUDE_SOURCE;
				MTL_FAST_MATH = YES;
				ONLY_ACTIVE_ARCH = YES;
				SDKROOT = iphoneos;
				SWIFT_ACTIVE_COMPILATION_CONDITIONS = DEBUG;
				SWIFT_OPTIMIZATION_LEVEL = "-Onone";
			};
			name = Debug;
		};
		F6395CD92A5BB9A000228EA9 /* Release */ = {
			isa = XCBuildConfiguration;
			buildSettings = {
				ALWAYS_SEARCH_USER_PATHS = NO;
				CLANG_ANALYZER_NONNULL = YES;
				CLANG_ANALYZER_NUMBER_OBJECT_CONVERSION = YES_AGGRESSIVE;
				CLANG_CXX_LANGUAGE_STANDARD = "gnu++20";
				CLANG_ENABLE_MODULES = YES;
				CLANG_ENABLE_OBJC_ARC = YES;
				CLANG_ENABLE_OBJC_WEAK = YES;
				CLANG_WARN_BLOCK_CAPTURE_AUTORELEASING = YES;
				CLANG_WARN_BOOL_CONVERSION = YES;
				CLANG_WARN_COMMA = YES;
				CLANG_WARN_CONSTANT_CONVERSION = YES;
				CLANG_WARN_DEPRECATED_OBJC_IMPLEMENTATIONS = YES;
				CLANG_WARN_DIRECT_OBJC_ISA_USAGE = YES_ERROR;
				CLANG_WARN_DOCUMENTATION_COMMENTS = YES;
				CLANG_WARN_EMPTY_BODY = YES;
				CLANG_WARN_ENUM_CONVERSION = YES;
				CLANG_WARN_INFINITE_RECURSION = YES;
				CLANG_WARN_INT_CONVERSION = YES;
				CLANG_WARN_NON_LITERAL_NULL_CONVERSION = YES;
				CLANG_WARN_OBJC_IMPLICIT_RETAIN_SELF = YES;
				CLANG_WARN_OBJC_LITERAL_CONVERSION = YES;
				CLANG_WARN_OBJC_ROOT_CLASS = YES_ERROR;
				CLANG_WARN_QUOTED_INCLUDE_IN_FRAMEWORK_HEADER = YES;
				CLANG_WARN_RANGE_LOOP_ANALYSIS = YES;
				CLANG_WARN_STRICT_PROTOTYPES = YES;
				CLANG_WARN_SUSPICIOUS_MOVE = YES;
				CLANG_WARN_UNGUARDED_AVAILABILITY = YES_AGGRESSIVE;
				CLANG_WARN_UNREACHABLE_CODE = YES;
				CLANG_WARN__DUPLICATE_METHOD_MATCH = YES;
				COPY_PHASE_STRIP = NO;
				DEBUG_INFORMATION_FORMAT = "dwarf-with-dsym";
				ENABLE_NS_ASSERTIONS = NO;
				ENABLE_STRICT_OBJC_MSGSEND = YES;
				GCC_C_LANGUAGE_STANDARD = gnu11;
				GCC_NO_COMMON_BLOCKS = YES;
				GCC_WARN_64_TO_32_BIT_CONVERSION = YES;
				GCC_WARN_ABOUT_RETURN_TYPE = YES_ERROR;
				GCC_WARN_UNDECLARED_SELECTOR = YES;
				GCC_WARN_UNINITIALIZED_AUTOS = YES_AGGRESSIVE;
				GCC_WARN_UNUSED_FUNCTION = YES;
				GCC_WARN_UNUSED_VARIABLE = YES;
				IPHONEOS_DEPLOYMENT_TARGET = 16.2;
				MTL_ENABLE_DEBUG_INFO = NO;
				MTL_FAST_MATH = YES;
				SDKROOT = iphoneos;
				SWIFT_COMPILATION_MODE = wholemodule;
				SWIFT_OPTIMIZATION_LEVEL = "-O";
				VALIDATE_PRODUCT = YES;
			};
			name = Release;
		};
		F6395CDB2A5BB9A000228EA9 /* Debug */ = {
			isa = XCBuildConfiguration;
			buildSettings = {
				ASSETCATALOG_COMPILER_APPICON_NAME = AppIcon;
				ASSETCATALOG_COMPILER_GLOBAL_ACCENT_COLOR_NAME = AccentColor;
				CODE_SIGN_STYLE = Automatic;
				CURRENT_PROJECT_VERSION = 1;
				DEVELOPMENT_ASSET_PATHS = "\"MOWTOLED/Preview Content\"";
				DEVELOPMENT_TEAM = 8895SV2C63;
				ENABLE_PREVIEWS = YES;
				GENERATE_INFOPLIST_FILE = YES;
				INFOPLIST_KEY_UIApplicationSceneManifest_Generation = YES;
				INFOPLIST_KEY_UIApplicationSupportsIndirectInputEvents = YES;
				INFOPLIST_KEY_UILaunchScreen_Generation = YES;
				INFOPLIST_KEY_UISupportedInterfaceOrientations_iPad = "UIInterfaceOrientationPortrait UIInterfaceOrientationPortraitUpsideDown UIInterfaceOrientationLandscapeLeft UIInterfaceOrientationLandscapeRight";
				INFOPLIST_KEY_UISupportedInterfaceOrientations_iPhone = "UIInterfaceOrientationPortrait UIInterfaceOrientationLandscapeLeft UIInterfaceOrientationLandscapeRight";
				LD_RUNPATH_SEARCH_PATHS = (
					"$(inherited)",
					"@executable_path/Frameworks",
				);
				MARKETING_VERSION = 1.0;
				PRODUCT_BUNDLE_IDENTIFIER = kg.petproget.MOWTOLED;
				PRODUCT_NAME = "$(TARGET_NAME)";
				SWIFT_EMIT_LOC_STRINGS = YES;
				SWIFT_VERSION = 5.0;
				TARGETED_DEVICE_FAMILY = "1,2";
			};
			name = Debug;
		};
		F6395CDC2A5BB9A000228EA9 /* Release */ = {
			isa = XCBuildConfiguration;
			buildSettings = {
				ASSETCATALOG_COMPILER_APPICON_NAME = AppIcon;
				ASSETCATALOG_COMPILER_GLOBAL_ACCENT_COLOR_NAME = AccentColor;
				CODE_SIGN_STYLE = Automatic;
				CURRENT_PROJECT_VERSION = 1;
				DEVELOPMENT_ASSET_PATHS = "\"MOWTOLED/Preview Content\"";
				DEVELOPMENT_TEAM = 8895SV2C63;
				ENABLE_PREVIEWS = YES;
				GENERATE_INFOPLIST_FILE = YES;
				INFOPLIST_KEY_UIApplicationSceneManifest_Generation = YES;
				INFOPLIST_KEY_UIApplicationSupportsIndirectInputEvents = YES;
				INFOPLIST_KEY_UILaunchScreen_Generation = YES;
				INFOPLIST_KEY_UISupportedInterfaceOrientations_iPad = "UIInterfaceOrientationPortrait UIInterfaceOrientationPortraitUpsideDown UIInterfaceOrientationLandscapeLeft UIInterfaceOrientationLandscapeRight";
				INFOPLIST_KEY_UISupportedInterfaceOrientations_iPhone = "UIInterfaceOrientationPortrait UIInterfaceOrientationLandscapeLeft UIInterfaceOrientationLandscapeRight";
				LD_RUNPATH_SEARCH_PATHS = (
					"$(inherited)",
					"@executable_path/Frameworks",
				);
				MARKETING_VERSION = 1.0;
				PRODUCT_BUNDLE_IDENTIFIER = kg.petproget.MOWTOLED;
				PRODUCT_NAME = "$(TARGET_NAME)";
				SWIFT_EMIT_LOC_STRINGS = YES;
				SWIFT_VERSION = 5.0;
				TARGETED_DEVICE_FAMILY = "1,2";
			};
			name = Release;
		};
/* End XCBuildConfiguration section */

/* Begin XCConfigurationList section */
		F6395CC72A5BB99E00228EA9 /* Build configuration list for PBXProject "MOWTOLED" */ = {
			isa = XCConfigurationList;
			buildConfigurations = (
				F6395CD82A5BB9A000228EA9 /* Debug */,
				F6395CD92A5BB9A000228EA9 /* Release */,
			);
			defaultConfigurationIsVisible = 0;
			defaultConfigurationName = Release;
		};
		F6395CDA2A5BB9A000228EA9 /* Build configuration list for PBXNativeTarget "MOWTOLED" */ = {
			isa = XCConfigurationList;
			buildConfigurations = (
				F6395CDB2A5BB9A000228EA9 /* Debug */,
				F6395CDC2A5BB9A000228EA9 /* Release */,
			);
			defaultConfigurationIsVisible = 0;
			defaultConfigurationName = Release;
		};
/* End XCConfigurationList section */
	};
	rootObject = F6395CC42A5BB99E00228EA9 /* Project object */;
}
